{
    "_readme": [
        "This file locks the dependencies of your project to a known state",
        "Read more about it at https://getcomposer.org/doc/01-basic-usage.md#installing-dependencies",
        "This file is @generated automatically"
    ],
    "content-hash": "07bf54da3da9bd834e68d2c340a29d4c",
    "packages": [
        {
            "name": "h3/framework",
            "version": "dev-master",
            "source": {
                "type": "git",
                "url": "https://gitee.com/lai2020/framework",
                "reference": "dc562fbcdf11cb87ae0e0e9c0770123cd5cd0c45"
            },
            "require": {
                "php": ">=5.3.3"
            },
            "type": "library",
            "autoload": {
                "files": [],
                "psr-4": {
                    "Lib\\": "lib"
                }
            },
            "notification-url": "https://packagist.org/downloads/",
            "license": [
                "MIT"
            ],
            "authors": [
                {
                    "name": "github-lai",
                    "email": "373515719@qq.com"
                }
            ],
            "description": "An highly effecient php mvc framework",
            "time": "2020-04-26T19:18:32+00:00"
        }
    ],
    "packages-dev": [],
    "aliases": [],
    "minimum-stability": "stable",
    "stability-flags": {
        "h3/framework": 20
    },
    "prefer-stable": false,
    "prefer-lowest": false,
    "platform": {
        "php": ">=5.3.3"
    },
    "platform-dev": [],
    "plugin-api-version": "1.1.0"
}
