{
    "_readme": [
        "This file locks the dependencies of your project to a known state",
        "Read more about it at https://getcomposer.org/doc/01-basic-usage.md#installing-dependencies",
        "This file is @generated automatically"
    ],
    "content-hash": "73004e8f5d90a58baf1379171575fc0b",
    "packages": [
        {
            "name": "h3/framework",
            "version": "dev-master",
            "source": {
                "type": "git",
                "url": "https://gitee.com/lai2020/framework",
                "reference": "36d6f5e9d66d6afe27edd96538ecbfcbf09b2d59"
            },
            "require": {
                "php": ">=5.3.3"
            },
            "type": "library",
            "autoload": {
                "files": [],
                "psr-4": {
                    "Lib\\": "lib"
                }
            },
            "notification-url": "https://packagist.org/downloads/",
            "license": [
                "MIT"
            ],
            "authors": [
                {
                    "name": "github-lai",
                    "email": "373515719@qq.com"
                }
            ],
            "description": "An highly effecient php mvc framework",
            "time": "2020-04-24T03:49:11+00:00"
        }
    ],
    "packages-dev": [],
    "aliases": [],
    "minimum-stability": "stable",
    "stability-flags": {
        "h3/framework": 20
    },
    "prefer-stable": false,
    "prefer-lowest": false,
    "platform": {
        "php": ">=5.3.3"
    },
    "platform-dev": [],
    "plugin-api-version": "1.1.0"
}
